
Microsoft Visual Studio Solution File, Format Version 12.00
# Visual Studio Version 17
VisualStudioVersion = 17.5.002.0
MinimumVisualStudioVersion = 10.0.40219.1
Project("{9A19103F-16F7-4668-BE54-9A1E7A4F7556}") = "Cement", "Cement.csproj", "{0DC4D1BE-30F7-4B5D-8D1A-1181A1D99EC3}"
EndProject
Global
	GlobalSection(SolutionConfigurationPlatforms) = preSolution
		Debug|Any CPU = Debug|Any CPU
		Release|Any CPU = Release|Any CPU
	EndGlobalSection
	GlobalSection(ProjectConfigurationPlatforms) = postSolution
		{0DC4D1BE-30F7-4B5D-8D1A-1181A1D99EC3}.Debug|Any CPU.ActiveCfg = Debug|Any CPU
		{0DC4D1BE-30F7-4B5D-8D1A-1181A1D99EC3}.Debug|Any CPU.Build.0 = Debug|Any CPU
		{0DC4D1BE-30F7-4B5D-8D1A-1181A1D99EC3}.Release|Any CPU.ActiveCfg = Release|Any CPU
		{0DC4D1BE-30F7-4B5D-8D1A-1181A1D99EC3}.Release|Any CPU.Build.0 = Release|Any CPU
	EndGlobalSection
	GlobalSection(SolutionProperties) = preSolution
		HideSolutionNode = FALSE
	EndGlobalSection
	GlobalSection(ExtensibilityGlobals) = postSolution
		SolutionGuid = {1E2739C1-BC38-44F2-99BF-0EC4B48FA194}
	EndGlobalSection
EndGlobal
